// !$*UTF8*$!
{
	archiveVersion = 1;
	classes = {
	};
	objectVersion = 50;
	objects = {

/* Begin PBXBuildFile section */
		5C67C67D251D2BB000421657 /* PartyData.swift in Sources */ = {isa = PBXBuildFile; fileRef = 5C67C67C251D2BB000421657 /* PartyData.swift */; };
		5CC6D8E325250301001F49D9 /* GuestsNamesTableViewCell.swift in Sources */ = {isa = PBXBuildFile; fileRef = 5CC6D8E225250301001F49D9 /* GuestsNamesTableViewCell.swift */; };
		DF23B984251A6DBB00F7E57B /* AppDelegate.swift in Sources */ = {isa = PBXBuildFile; fileRef = DF23B983251A6DBB00F7E57B /* AppDelegate.swift */; };
		DF23B986251A6DBB00F7E57B /* SceneDelegate.swift in Sources */ = {isa = PBXBuildFile; fileRef = DF23B985251A6DBB00F7E57B /* SceneDelegate.swift */; };
		DF23B988251A6DBB00F7E57B /* StartViewController.swift in Sources */ = {isa = PBXBuildFile; fileRef = DF23B987251A6DBB00F7E57B /* StartViewController.swift */; };
		DF23B98B251A6DBB00F7E57B /* Main.storyboard in Resources */ = {isa = PBXBuildFile; fileRef = DF23B989251A6DBB00F7E57B /* Main.storyboard */; };
		DF23B98E251A6DBB00F7E57B /* festas_app.xcdatamodeld in Sources */ = {isa = PBXBuildFile; fileRef = DF23B98C251A6DBB00F7E57B /* festas_app.xcdatamodeld */; };
		DF23B990251A6DBE00F7E57B /* Assets.xcassets in Resources */ = {isa = PBXBuildFile; fileRef = DF23B98F251A6DBE00F7E57B /* Assets.xcassets */; };
		DF23B993251A6DBE00F7E57B /* LaunchScreen.storyboard in Resources */ = {isa = PBXBuildFile; fileRef = DF23B991251A6DBE00F7E57B /* LaunchScreen.storyboard */; };
		DF23B99B251A96E700F7E57B /* ModelsViewController.swift in Sources */ = {isa = PBXBuildFile; fileRef = DF23B99A251A96E700F7E57B /* ModelsViewController.swift */; };
		DF23B99D251AA0DE00F7E57B /* SettingsViewController.swift in Sources */ = {isa = PBXBuildFile; fileRef = DF23B99C251AA0DE00F7E57B /* SettingsViewController.swift */; };
		DF364F282527BE7600BD9FAB /* ViewControllerListaDeConvidados.swift in Sources */ = {isa = PBXBuildFile; fileRef = DF364F272527BE7600BD9FAB /* ViewControllerListaDeConvidados.swift */; };
		DF364F2B2527C54400BD9FAB /* ListaDoQueFazerViewController.swift in Sources */ = {isa = PBXBuildFile; fileRef = DF364F2A2527C54400BD9FAB /* ListaDoQueFazerViewController.swift */; };
		DF364F47252D232700BD9FAB /* ToDoTableViewCell.swift in Sources */ = {isa = PBXBuildFile; fileRef = DF364F46252D232700BD9FAB /* ToDoTableViewCell.swift */; };
		DF52533C252674BB001C72D0 /* PartySummaryTableViewCell.swift in Sources */ = {isa = PBXBuildFile; fileRef = DF52533B252674BB001C72D0 /* PartySummaryTableViewCell.swift */; };
		DF52533F252681F2001C72D0 /* ViewControllerConfigGeral.swift in Sources */ = {isa = PBXBuildFile; fileRef = DF52533E252681F2001C72D0 /* ViewControllerConfigGeral.swift */; };
		DFB2222D251D2DA0005A8CC8 /* GuestsViewController.swift in Sources */ = {isa = PBXBuildFile; fileRef = DFB2222C251D2DA0005A8CC8 /* GuestsViewController.swift */; };
		DFEBF6072525222600205D6A /* MainViewController.swift in Sources */ = {isa = PBXBuildFile; fileRef = DFEBF6062525222600205D6A /* MainViewController.swift */; };
/* End PBXBuildFile section */

/* Begin PBXFileReference section */
		5C67C67C251D2BB000421657 /* PartyData.swift */ = {isa = PBXFileReference; lastKnownFileType = sourcecode.swift; path = PartyData.swift; sourceTree = "<group>"; };
		5CC6D8E225250301001F49D9 /* GuestsNamesTableViewCell.swift */ = {isa = PBXFileReference; lastKnownFileType = sourcecode.swift; path = GuestsNamesTableViewCell.swift; sourceTree = "<group>"; };
		DF23B980251A6DBB00F7E57B /* festas_app.app */ = {isa = PBXFileReference; explicitFileType = wrapper.application; includeInIndex = 0; path = festas_app.app; sourceTree = BUILT_PRODUCTS_DIR; };
		DF23B983251A6DBB00F7E57B /* AppDelegate.swift */ = {isa = PBXFileReference; lastKnownFileType = sourcecode.swift; path = AppDelegate.swift; sourceTree = "<group>"; };
		DF23B985251A6DBB00F7E57B /* SceneDelegate.swift */ = {isa = PBXFileReference; lastKnownFileType = sourcecode.swift; path = SceneDelegate.swift; sourceTree = "<group>"; };
		DF23B987251A6DBB00F7E57B /* StartViewController.swift */ = {isa = PBXFileReference; lastKnownFileType = sourcecode.swift; path = StartViewController.swift; sourceTree = "<group>"; };
		DF23B98A251A6DBB00F7E57B /* Base */ = {isa = PBXFileReference; lastKnownFileType = file.storyboard; name = Base; path = Base.lproj/Main.storyboard; sourceTree = "<group>"; };
		DF23B98D251A6DBB00F7E57B /* festas_app.xcdatamodel */ = {isa = PBXFileReference; lastKnownFileType = wrapper.xcdatamodel; path = festas_app.xcdatamodel; sourceTree = "<group>"; };
		DF23B98F251A6DBE00F7E57B /* Assets.xcassets */ = {isa = PBXFileReference; lastKnownFileType = folder.assetcatalog; path = Assets.xcassets; sourceTree = "<group>"; };
		DF23B992251A6DBE00F7E57B /* Base */ = {isa = PBXFileReference; lastKnownFileType = file.storyboard; name = Base; path = Base.lproj/LaunchScreen.storyboard; sourceTree = "<group>"; };
		DF23B994251A6DBE00F7E57B /* Info.plist */ = {isa = PBXFileReference; lastKnownFileType = text.plist.xml; path = Info.plist; sourceTree = "<group>"; };
		DF23B99A251A96E700F7E57B /* ModelsViewController.swift */ = {isa = PBXFileReference; lastKnownFileType = sourcecode.swift; path = ModelsViewController.swift; sourceTree = "<group>"; };
		DF23B99C251AA0DE00F7E57B /* SettingsViewController.swift */ = {isa = PBXFileReference; lastKnownFileType = sourcecode.swift; path = SettingsViewController.swift; sourceTree = "<group>"; };
		DF364F272527BE7600BD9FAB /* ViewControllerListaDeConvidados.swift */ = {isa = PBXFileReference; lastKnownFileType = sourcecode.swift; path = ViewControllerListaDeConvidados.swift; sourceTree = "<group>"; };
		DF364F2A2527C54400BD9FAB /* ListaDoQueFazerViewController.swift */ = {isa = PBXFileReference; lastKnownFileType = sourcecode.swift; path = ListaDoQueFazerViewController.swift; sourceTree = "<group>"; };
		DF364F46252D232700BD9FAB /* ToDoTableViewCell.swift */ = {isa = PBXFileReference; lastKnownFileType = sourcecode.swift; path = ToDoTableViewCell.swift; sourceTree = "<group>"; };
		DF52533B252674BB001C72D0 /* PartySummaryTableViewCell.swift */ = {isa = PBXFileReference; lastKnownFileType = sourcecode.swift; path = PartySummaryTableViewCell.swift; sourceTree = "<group>"; };
		DF52533E252681F2001C72D0 /* ViewControllerConfigGeral.swift */ = {isa = PBXFileReference; lastKnownFileType = sourcecode.swift; path = ViewControllerConfigGeral.swift; sourceTree = "<group>"; };
		DFB2222C251D2DA0005A8CC8 /* GuestsViewController.swift */ = {isa = PBXFileReference; lastKnownFileType = sourcecode.swift; path = GuestsViewController.swift; sourceTree = "<group>"; };
		DFEBF6062525222600205D6A /* MainViewController.swift */ = {isa = PBXFileReference; lastKnownFileType = sourcecode.swift; path = MainViewController.swift; sourceTree = "<group>"; };
/* End PBXFileReference section */

/* Begin PBXFrameworksBuildPhase section */
		DF23B97D251A6DBB00F7E57B /* Frameworks */ = {
			isa = PBXFrameworksBuildPhase;
			buildActionMask = 2147483647;
			files = (
			);
			runOnlyForDeploymentPostprocessing = 0;
		};
/* End PBXFrameworksBuildPhase section */

/* Begin PBXGroup section */
		5C67C67A251D2B5900421657 /* View */ = {
			isa = PBXGroup;
			children = (
				DF23B989251A6DBB00F7E57B /* Main.storyboard */,
				DF23B991251A6DBE00F7E57B /* LaunchScreen.storyboard */,
			);
			path = View;
			sourceTree = "<group>";
		};
		5C67C67B251D2B6A00421657 /* Controller */ = {
			isa = PBXGroup;
			children = (
				DF23B987251A6DBB00F7E57B /* StartViewController.swift */,
				DF23B99A251A96E700F7E57B /* ModelsViewController.swift */,
				DF23B99C251AA0DE00F7E57B /* SettingsViewController.swift */,
				DFB2222C251D2DA0005A8CC8 /* GuestsViewController.swift */,
				DF364F272527BE7600BD9FAB /* ViewControllerListaDeConvidados.swift */,
				DFEBF6062525222600205D6A /* MainViewController.swift */,
				DF52533E252681F2001C72D0 /* ViewControllerConfigGeral.swift */,
				DF364F2A2527C54400BD9FAB /* ListaDoQueFazerViewController.swift */,
			);
			path = Controller;
			sourceTree = "<group>";
		};
		5C67C67F251D2BCA00421657 /* Model */ = {
			isa = PBXGroup;
			children = (
				5C67C67C251D2BB000421657 /* PartyData.swift */,
				5CC6D8E225250301001F49D9 /* GuestsNamesTableViewCell.swift */,
				DF52533B252674BB001C72D0 /* PartySummaryTableViewCell.swift */,
				DF364F46252D232700BD9FAB /* ToDoTableViewCell.swift */,
			);
			path = Model;
			sourceTree = "<group>";
		};
		DF23B977251A6DBB00F7E57B = {
			isa = PBXGroup;
			children = (
				DF23B982251A6DBB00F7E57B /* festas_app */,
				DF23B981251A6DBB00F7E57B /* Products */,
			);
			sourceTree = "<group>";
		};
		DF23B981251A6DBB00F7E57B /* Products */ = {
			isa = PBXGroup;
			children = (
				DF23B980251A6DBB00F7E57B /* festas_app.app */,
			);
			name = Products;
			sourceTree = "<group>";
		};
		DF23B982251A6DBB00F7E57B /* festas_app */ = {
			isa = PBXGroup;
			children = (
				DF23B983251A6DBB00F7E57B /* AppDelegate.swift */,
				DF23B985251A6DBB00F7E57B /* SceneDelegate.swift */,
				5C67C67F251D2BCA00421657 /* Model */,
				5C67C67B251D2B6A00421657 /* Controller */,
				5C67C67A251D2B5900421657 /* View */,
				DF23B98F251A6DBE00F7E57B /* Assets.xcassets */,
				DF23B994251A6DBE00F7E57B /* Info.plist */,
				DF23B98C251A6DBB00F7E57B /* festas_app.xcdatamodeld */,
			);
			path = festas_app;
			sourceTree = "<group>";
		};
/* End PBXGroup section */

/* Begin PBXNativeTarget section */
		DF23B97F251A6DBB00F7E57B /* festas_app */ = {
			isa = PBXNativeTarget;
			buildConfigurationList = DF23B997251A6DBE00F7E57B /* Build configuration list for PBXNativeTarget "festas_app" */;
			buildPhases = (
				DF23B97C251A6DBB00F7E57B /* Sources */,
				DF23B97D251A6DBB00F7E57B /* Frameworks */,
				DF23B97E251A6DBB00F7E57B /* Resources */,
			);
			buildRules = (
			);
			dependencies = (
			);
			name = festas_app;
			productName = festas_app;
			productReference = DF23B980251A6DBB00F7E57B /* festas_app.app */;
			productType = "com.apple.product-type.application";
		};
/* End PBXNativeTarget section */

/* Begin PBXProject section */
		DF23B978251A6DBB00F7E57B /* Project object */ = {
			isa = PBXProject;
			attributes = {
				LastSwiftUpdateCheck = 1160;
				LastUpgradeCheck = 1160;
				ORGANIZATIONNAME = "Rafael Dias Gonçalves";
				TargetAttributes = {
					DF23B97F251A6DBB00F7E57B = {
						CreatedOnToolsVersion = 11.6;
					};
				};
			};
			buildConfigurationList = DF23B97B251A6DBB00F7E57B /* Build configuration list for PBXProject "festas_app" */;
			compatibilityVersion = "Xcode 9.3";
			developmentRegion = en;
			hasScannedForEncodings = 0;
			knownRegions = (
				en,
				Base,
			);
			mainGroup = DF23B977251A6DBB00F7E57B;
			productRefGroup = DF23B981251A6DBB00F7E57B /* Products */;
			projectDirPath = "";
			projectRoot = "";
			targets = (
				DF23B97F251A6DBB00F7E57B /* festas_app */,
			);
		};
/* End PBXProject section */

/* Begin PBXResourcesBuildPhase section */
		DF23B97E251A6DBB00F7E57B /* Resources */ = {
			isa = PBXResourcesBuildPhase;
			buildActionMask = 2147483647;
			files = (
				DF23B993251A6DBE00F7E57B /* LaunchScreen.storyboard in Resources */,
				DF23B990251A6DBE00F7E57B /* Assets.xcassets in Resources */,
				DF23B98B251A6DBB00F7E57B /* Main.storyboard in Resources */,
			);
			runOnlyForDeploymentPostprocessing = 0;
		};
/* End PBXResourcesBuildPhase section */

/* Begin PBXSourcesBuildPhase section */
		DF23B97C251A6DBB00F7E57B /* Sources */ = {
			isa = PBXSourcesBuildPhase;
			buildActionMask = 2147483647;
			files = (
				DF23B988251A6DBB00F7E57B /* StartViewController.swift in Sources */,
				DF23B98E251A6DBB00F7E57B /* festas_app.xcdatamodeld in Sources */,
				DFB2222D251D2DA0005A8CC8 /* GuestsViewController.swift in Sources */,
				DFEBF6072525222600205D6A /* MainViewController.swift in Sources */,
				DF364F2B2527C54400BD9FAB /* ListaDoQueFazerViewController.swift in Sources */,
				DF23B99D251AA0DE00F7E57B /* SettingsViewController.swift in Sources */,
				DF52533C252674BB001C72D0 /* PartySummaryTableViewCell.swift in Sources */,
				5CC6D8E325250301001F49D9 /* GuestsNamesTableViewCell.swift in Sources */,
				DF23B984251A6DBB00F7E57B /* AppDelegate.swift in Sources */,
				DF364F47252D232700BD9FAB /* ToDoTableViewCell.swift in Sources */,
				DF23B986251A6DBB00F7E57B /* SceneDelegate.swift in Sources */,
				DF364F282527BE7600BD9FAB /* ViewControllerListaDeConvidados.swift in Sources */,
				5C67C67D251D2BB000421657 /* PartyData.swift in Sources */,
				DF52533F252681F2001C72D0 /* ViewControllerConfigGeral.swift in Sources */,
				DF23B99B251A96E700F7E57B /* ModelsViewController.swift in Sources */,
			);
			runOnlyForDeploymentPostprocessing = 0;
		};
/* End PBXSourcesBuildPhase section */

/* Begin PBXVariantGroup section */
		DF23B989251A6DBB00F7E57B /* Main.storyboard */ = {
			isa = PBXVariantGroup;
			children = (
				DF23B98A251A6DBB00F7E57B /* Base */,
			);
			name = Main.storyboard;
			sourceTree = "<group>";
		};
		DF23B991251A6DBE00F7E57B /* LaunchScreen.storyboard */ = {
			isa = PBXVariantGroup;
			children = (
				DF23B992251A6DBE00F7E57B /* Base */,
			);
			name = LaunchScreen.storyboard;
			sourceTree = "<group>";
		};
/* End PBXVariantGroup section */

/* Begin XCBuildConfiguration section */
		DF23B995251A6DBE00F7E57B /* Debug */ = {
			isa = XCBuildConfiguration;
			buildSettings = {
				ALWAYS_SEARCH_USER_PATHS = NO;
				CLANG_ANALYZER_NONNULL = YES;
				CLANG_ANALYZER_NUMBER_OBJECT_CONVERSION = YES_AGGRESSIVE;
				CLANG_CXX_LANGUAGE_STANDARD = "gnu++14";
				CLANG_CXX_LIBRARY = "libc++";
				CLANG_ENABLE_MODULES = YES;
				CLANG_ENABLE_OBJC_ARC = YES;
				CLANG_ENABLE_OBJC_WEAK = YES;
				CLANG_WARN_BLOCK_CAPTURE_AUTORELEASING = YES;
				CLANG_WARN_BOOL_CONVERSION = YES;
				CLANG_WARN_COMMA = YES;
				CLANG_WARN_CONSTANT_CONVERSION = YES;
				CLANG_WARN_DEPRECATED_OBJC_IMPLEMENTATIONS = YES;
				CLANG_WARN_DIRECT_OBJC_ISA_USAGE = YES_ERROR;
				CLANG_WARN_DOCUMENTATION_COMMENTS = YES;
				CLANG_WARN_EMPTY_BODY = YES;
				CLANG_WARN_ENUM_CONVERSION = YES;
				CLANG_WARN_INFINITE_RECURSION = YES;
				CLANG_WARN_INT_CONVERSION = YES;
				CLANG_WARN_NON_LITERAL_NULL_CONVERSION = YES;
				CLANG_WARN_OBJC_IMPLICIT_RETAIN_SELF = YES;
				CLANG_WARN_OBJC_LITERAL_CONVERSION = YES;
				CLANG_WARN_OBJC_ROOT_CLASS = YES_ERROR;
				CLANG_WARN_RANGE_LOOP_ANALYSIS = YES;
				CLANG_WARN_STRICT_PROTOTYPES = YES;
				CLANG_WARN_SUSPICIOUS_MOVE = YES;
				CLANG_WARN_UNGUARDED_AVAILABILITY = YES_AGGRESSIVE;
				CLANG_WARN_UNREACHABLE_CODE = YES;
				CLANG_WARN__DUPLICATE_METHOD_MATCH = YES;
				COPY_PHASE_STRIP = NO;
				DEBUG_INFORMATION_FORMAT = dwarf;
				ENABLE_STRICT_OBJC_MSGSEND = YES;
				ENABLE_TESTABILITY = YES;
				GCC_C_LANGUAGE_STANDARD = gnu11;
				GCC_DYNAMIC_NO_PIC = NO;
				GCC_NO_COMMON_BLOCKS = YES;
				GCC_OPTIMIZATION_LEVEL = 0;
				GCC_PREPROCESSOR_DEFINITIONS = (
					"DEBUG=1",
					"$(inherited)",
				);
				GCC_WARN_64_TO_32_BIT_CONVERSION = YES;
				GCC_WARN_ABOUT_RETURN_TYPE = YES_ERROR;
				GCC_WARN_UNDECLARED_SELECTOR = YES;
				GCC_WARN_UNINITIALIZED_AUTOS = YES_AGGRESSIVE;
				GCC_WARN_UNUSED_FUNCTION = YES;
				GCC_WARN_UNUSED_VARIABLE = YES;
				IPHONEOS_DEPLOYMENT_TARGET = 13.6;
				MTL_ENABLE_DEBUG_INFO = INCLUDE_SOURCE;
				MTL_FAST_MATH = YES;
				ONLY_ACTIVE_ARCH = YES;
				SDKROOT = iphoneos;
				SWIFT_ACTIVE_COMPILATION_CONDITIONS = DEBUG;
				SWIFT_OPTIMIZATION_LEVEL = "-Onone";
			};
			name = Debug;
		};
		DF23B996251A6DBE00F7E57B /* Release */ = {
			isa = XCBuildConfiguration;
			buildSettings = {
				ALWAYS_SEARCH_USER_PATHS = NO;
				CLANG_ANALYZER_NONNULL = YES;
				CLANG_ANALYZER_NUMBER_OBJECT_CONVERSION = YES_AGGRESSIVE;
				CLANG_CXX_LANGUAGE_STANDARD = "gnu++14";
				CLANG_CXX_LIBRARY = "libc++";
				CLANG_ENABLE_MODULES = YES;
				CLANG_ENABLE_OBJC_ARC = YES;
				CLANG_ENABLE_OBJC_WEAK = YES;
				CLANG_WARN_BLOCK_CAPTURE_AUTORELEASING = YES;
				CLANG_WARN_BOOL_CONVERSION = YES;
				CLANG_WARN_COMMA = YES;
				CLANG_WARN_CONSTANT_CONVERSION = YES;
				CLANG_WARN_DEPRECATED_OBJC_IMPLEMENTATIONS = YES;
				CLANG_WARN_DIRECT_OBJC_ISA_USAGE = YES_ERROR;
				CLANG_WARN_DOCUMENTATION_COMMENTS = YES;
				CLANG_WARN_EMPTY_BODY = YES;
				CLANG_WARN_ENUM_CONVERSION = YES;
				CLANG_WARN_INFINITE_RECURSION = YES;
				CLANG_WARN_INT_CONVERSION = YES;
				CLANG_WARN_NON_LITERAL_NULL_CONVERSION = YES;
				CLANG_WARN_OBJC_IMPLICIT_RETAIN_SELF = YES;
				CLANG_WARN_OBJC_LITERAL_CONVERSION = YES;
				CLANG_WARN_OBJC_ROOT_CLASS = YES_ERROR;
				CLANG_WARN_RANGE_LOOP_ANALYSIS = YES;
				CLANG_WARN_STRICT_PROTOTYPES = YES;
				CLANG_WARN_SUSPICIOUS_MOVE = YES;
				CLANG_WARN_UNGUARDED_AVAILABILITY = YES_AGGRESSIVE;
				CLANG_WARN_UNREACHABLE_CODE = YES;
				CLANG_WARN__DUPLICATE_METHOD_MATCH = YES;
				COPY_PHASE_STRIP = NO;
				DEBUG_INFORMATION_FORMAT = "dwarf-with-dsym";
				ENABLE_NS_ASSERTIONS = NO;
				ENABLE_STRICT_OBJC_MSGSEND = YES;
				GCC_C_LANGUAGE_STANDARD = gnu11;
				GCC_NO_COMMON_BLOCKS = YES;
				GCC_WARN_64_TO_32_BIT_CONVERSION = YES;
				GCC_WARN_ABOUT_RETURN_TYPE = YES_ERROR;
				GCC_WARN_UNDECLARED_SELECTOR = YES;
				GCC_WARN_UNINITIALIZED_AUTOS = YES_AGGRESSIVE;
				GCC_WARN_UNUSED_FUNCTION = YES;
				GCC_WARN_UNUSED_VARIABLE = YES;
				IPHONEOS_DEPLOYMENT_TARGET = 13.6;
				MTL_ENABLE_DEBUG_INFO = NO;
				MTL_FAST_MATH = YES;
				SDKROOT = iphoneos;
				SWIFT_COMPILATION_MODE = wholemodule;
				SWIFT_OPTIMIZATION_LEVEL = "-O";
				VALIDATE_PRODUCT = YES;
			};
			name = Release;
		};
		DF23B998251A6DBE00F7E57B /* Debug */ = {
			isa = XCBuildConfiguration;
			buildSettings = {
				ASSETCATALOG_COMPILER_APPICON_NAME = AppIcon;
				CODE_SIGN_STYLE = Automatic;
				INFOPLIST_FILE = festas_app/Info.plist;
				LD_RUNPATH_SEARCH_PATHS = (
					"$(inherited)",
					"@executable_path/Frameworks",
				);
				PRODUCT_BUNDLE_IDENTIFIER = "develoepr-academy.festas-app";
				PRODUCT_NAME = "$(TARGET_NAME)";
				SWIFT_VERSION = 5.0;
				TARGETED_DEVICE_FAMILY = "1,2";
			};
			name = Debug;
		};
		DF23B999251A6DBE00F7E57B /* Release */ = {
			isa = XCBuildConfiguration;
			buildSettings = {
				ASSETCATALOG_COMPILER_APPICON_NAME = AppIcon;
				CODE_SIGN_STYLE = Automatic;
				INFOPLIST_FILE = festas_app/Info.plist;
				LD_RUNPATH_SEARCH_PATHS = (
					"$(inherited)",
					"@executable_path/Frameworks",
				);
				PRODUCT_BUNDLE_IDENTIFIER = "develoepr-academy.festas-app";
				PRODUCT_NAME = "$(TARGET_NAME)";
				SWIFT_VERSION = 5.0;
				TARGETED_DEVICE_FAMILY = "1,2";
			};
			name = Release;
		};
/* End XCBuildConfiguration section */

/* Begin XCConfigurationList section */
		DF23B97B251A6DBB00F7E57B /* Build configuration list for PBXProject "festas_app" */ = {
			isa = XCConfigurationList;
			buildConfigurations = (
				DF23B995251A6DBE00F7E57B /* Debug */,
				DF23B996251A6DBE00F7E57B /* Release */,
			);
			defaultConfigurationIsVisible = 0;
			defaultConfigurationName = Release;
		};
		DF23B997251A6DBE00F7E57B /* Build configuration list for PBXNativeTarget "festas_app" */ = {
			isa = XCConfigurationList;
			buildConfigurations = (
				DF23B998251A6DBE00F7E57B /* Debug */,
				DF23B999251A6DBE00F7E57B /* Release */,
			);
			defaultConfigurationIsVisible = 0;
			defaultConfigurationName = Release;
		};
/* End XCConfigurationList section */

/* Begin XCVersionGroup section */
		DF23B98C251A6DBB00F7E57B /* festas_app.xcdatamodeld */ = {
			isa = XCVersionGroup;
			children = (
				DF23B98D251A6DBB00F7E57B /* festas_app.xcdatamodel */,
			);
			currentVersion = DF23B98D251A6DBB00F7E57B /* festas_app.xcdatamodel */;
			path = festas_app.xcdatamodeld;
			sourceTree = "<group>";
			versionGroupType = wrapper.xcdatamodel;
		};
/* End XCVersionGroup section */
	};
	rootObject = DF23B978251A6DBB00F7E57B /* Project object */;
}
